// !$*UTF8*$!
{
	archiveVersion = 1;
	classes = {
	};
	objectVersion = 45;
	objects = {

/* Begin PBXBuildFile section */
		150F249212CD00AD00389F22 /* ILErrorHandling.h in Headers */ = {isa = PBXBuildFile; fileRef = 150F249012CD00AD00389F22 /* ILErrorHandling.h */; };
		150F249312CD00AD00389F22 /* ILErrorHandling.m in Sources */ = {isa = PBXBuildFile; fileRef = 150F249112CD00AD00389F22 /* ILErrorHandling.m */; };
		150F24D412CD04C300389F22 /* ILUUID.m in Sources */ = {isa = PBXBuildFile; fileRef = 150F24D212CD04C300389F22 /* ILUUID.m */; };
		150F24D512CD04C300389F22 /* ILUUID.h in Headers */ = {isa = PBXBuildFile; fileRef = 150F24D312CD04C300389F22 /* ILUUID.h */; };
		150F24EA12CD065300389F22 /* ILSwizzling.h in Headers */ = {isa = PBXBuildFile; fileRef = 150F24E812CD065300389F22 /* ILSwizzling.h */; };
		150F24EB12CD065300389F22 /* ILSwizzling.m in Sources */ = {isa = PBXBuildFile; fileRef = 150F24E912CD065300389F22 /* ILSwizzling.m */; };
		150F251712CD08A900389F22 /* ILUUID.m in Sources */ = {isa = PBXBuildFile; fileRef = 150F24D212CD04C300389F22 /* ILUUID.m */; };
		150F251812CD08A900389F22 /* ILErrorHandling.m in Sources */ = {isa = PBXBuildFile; fileRef = 150F249112CD00AD00389F22 /* ILErrorHandling.m */; };
		150F251912CD08A900389F22 /* ILSwizzling.m in Sources */ = {isa = PBXBuildFile; fileRef = 150F24E912CD065300389F22 /* ILSwizzling.m */; };
		150F251A12CD08B400389F22 /* ILUUID.h in Headers */ = {isa = PBXBuildFile; fileRef = 150F24D312CD04C300389F22 /* ILUUID.h */; };
		150F251B12CD08B400389F22 /* ILErrorHandling.h in Headers */ = {isa = PBXBuildFile; fileRef = 150F249012CD00AD00389F22 /* ILErrorHandling.h */; };
		150F251C12CD08B400389F22 /* ILSwizzling.h in Headers */ = {isa = PBXBuildFile; fileRef = 150F24E812CD065300389F22 /* ILSwizzling.h */; };
		150F251E12CD08C200389F22 /* Foundation.framework in Frameworks */ = {isa = PBXBuildFile; fileRef = 150F251D12CD08C200389F22 /* Foundation.framework */; };
		15F9E77212CFA858005A93FD /* ILSchema.m in Sources */ = {isa = PBXBuildFile; fileRef = 15F9E77012CFA857005A93FD /* ILSchema.m */; };
		15F9E77312CFA858005A93FD /* ILSchema.h in Headers */ = {isa = PBXBuildFile; fileRef = 15F9E77112CFA858005A93FD /* ILSchema.h */; };
		15F9E77412CFA858005A93FD /* ILSchema.m in Sources */ = {isa = PBXBuildFile; fileRef = 15F9E77012CFA857005A93FD /* ILSchema.m */; };
		15F9E77512CFA858005A93FD /* ILSchema.h in Headers */ = {isa = PBXBuildFile; fileRef = 15F9E77112CFA858005A93FD /* ILSchema.h */; };
		D2AAC088055469A000DB518D /* Cocoa.framework in Frameworks */ = {isa = PBXBuildFile; fileRef = 1058C7B1FEA5585E11CA2CBB /* Cocoa.framework */; };
/* End PBXBuildFile section */

/* Begin PBXFileReference section */
		0867D69BFE84028FC02AAC07 /* Foundation.framework */ = {isa = PBXFileReference; lastKnownFileType = wrapper.framework; name = Foundation.framework; path = /System/Library/Frameworks/Foundation.framework; sourceTree = "<absolute>"; };
		0867D6A5FE840307C02AAC07 /* AppKit.framework */ = {isa = PBXFileReference; lastKnownFileType = wrapper.framework; name = AppKit.framework; path = /System/Library/Frameworks/AppKit.framework; sourceTree = "<absolute>"; };
		1058C7B1FEA5585E11CA2CBB /* Cocoa.framework */ = {isa = PBXFileReference; lastKnownFileType = wrapper.framework; name = Cocoa.framework; path = /System/Library/Frameworks/Cocoa.framework; sourceTree = "<absolute>"; };
		150F249012CD00AD00389F22 /* ILErrorHandling.h */ = {isa = PBXFileReference; fileEncoding = 4; lastKnownFileType = sourcecode.c.h; path = ILErrorHandling.h; sourceTree = "<group>"; };
		150F249112CD00AD00389F22 /* ILErrorHandling.m */ = {isa = PBXFileReference; fileEncoding = 4; lastKnownFileType = sourcecode.c.objc; path = ILErrorHandling.m; sourceTree = "<group>"; };
		150F24D212CD04C300389F22 /* ILUUID.m */ = {isa = PBXFileReference; fileEncoding = 4; lastKnownFileType = sourcecode.c.objc; path = ILUUID.m; sourceTree = "<group>"; };
		150F24D312CD04C300389F22 /* ILUUID.h */ = {isa = PBXFileReference; fileEncoding = 4; lastKnownFileType = sourcecode.c.h; path = ILUUID.h; sourceTree = "<group>"; };
		150F24E812CD065300389F22 /* ILSwizzling.h */ = {isa = PBXFileReference; fileEncoding = 4; lastKnownFileType = sourcecode.c.h; path = ILSwizzling.h; sourceTree = "<group>"; };
		150F24E912CD065300389F22 /* ILSwizzling.m */ = {isa = PBXFileReference; fileEncoding = 4; lastKnownFileType = sourcecode.c.objc; path = ILSwizzling.m; sourceTree = "<group>"; };
		150F250512CD082300389F22 /* libBasics-iOS.a */ = {isa = PBXFileReference; explicitFileType = archive.ar; includeInIndex = 0; path = "libBasics-iOS.a"; sourceTree = BUILT_PRODUCTS_DIR; };
		150F251D12CD08C200389F22 /* Foundation.framework */ = {isa = PBXFileReference; lastKnownFileType = wrapper.framework; name = Foundation.framework; path = System/Library/Frameworks/Foundation.framework; sourceTree = SDKROOT; };
		15F9E77012CFA857005A93FD /* ILSchema.m */ = {isa = PBXFileReference; fileEncoding = 4; lastKnownFileType = sourcecode.c.objc; path = ILSchema.m; sourceTree = "<group>"; };
		15F9E77112CFA858005A93FD /* ILSchema.h */ = {isa = PBXFileReference; fileEncoding = 4; lastKnownFileType = sourcecode.c.h; path = ILSchema.h; sourceTree = "<group>"; };
		32DBCF5E0370ADEE00C91783 /* Basics_Prefix.pch */ = {isa = PBXFileReference; fileEncoding = 4; lastKnownFileType = sourcecode.c.h; path = Basics_Prefix.pch; sourceTree = "<group>"; };
		D2AAC07E0554694100DB518D /* libBasics-Mac.a */ = {isa = PBXFileReference; explicitFileType = archive.ar; includeInIndex = 0; path = "libBasics-Mac.a"; sourceTree = BUILT_PRODUCTS_DIR; };
		D2F7E8BE07B2D77200F64583 /* CoreData.framework */ = {isa = PBXFileReference; lastKnownFileType = wrapper.framework; name = CoreData.framework; path = /System/Library/Frameworks/CoreData.framework; sourceTree = "<absolute>"; };
/* End PBXFileReference section */

/* Begin PBXFrameworksBuildPhase section */
		150F250312CD082300389F22 /* Frameworks */ = {
			isa = PBXFrameworksBuildPhase;
			buildActionMask = 2147483647;
			files = (
				150F251E12CD08C200389F22 /* Foundation.framework in Frameworks */,
			);
			runOnlyForDeploymentPostprocessing = 0;
		};
		D2AAC07C0554694100DB518D /* Frameworks */ = {
			isa = PBXFrameworksBuildPhase;
			buildActionMask = 2147483647;
			files = (
				D2AAC088055469A000DB518D /* Cocoa.framework in Frameworks */,
			);
			runOnlyForDeploymentPostprocessing = 0;
		};
/* End PBXFrameworksBuildPhase section */

/* Begin PBXGroup section */
		034768DFFF38A50411DB9C8B /* Products */ = {
			isa = PBXGroup;
			children = (
				D2AAC07E0554694100DB518D /* libBasics-Mac.a */,
				150F250512CD082300389F22 /* libBasics-iOS.a */,
			);
			name = Products;
			sourceTree = "<group>";
		};
		0867D691FE84028FC02AAC07 /* Basics */ = {
			isa = PBXGroup;
			children = (
				08FB77AEFE84172EC02AAC07 /* Classes */,
				32C88DFF0371C24200C91783 /* Other Sources */,
				0867D69AFE84028FC02AAC07 /* External Frameworks and Libraries */,
				034768DFFF38A50411DB9C8B /* Products */,
				150F251D12CD08C200389F22 /* Foundation.framework */,
			);
			name = Basics;
			sourceTree = "<group>";
		};
		0867D69AFE84028FC02AAC07 /* External Frameworks and Libraries */ = {
			isa = PBXGroup;
			children = (
				1058C7B0FEA5585E11CA2CBB /* Linked Frameworks */,
				1058C7B2FEA5585E11CA2CBB /* Other Frameworks */,
			);
			name = "External Frameworks and Libraries";
			sourceTree = "<group>";
		};
		08FB77AEFE84172EC02AAC07 /* Classes */ = {
			isa = PBXGroup;
			children = (
				15F9E77112CFA858005A93FD /* ILSchema.h */,
				15F9E77012CFA857005A93FD /* ILSchema.m */,
				150F24D312CD04C300389F22 /* ILUUID.h */,
				150F24D212CD04C300389F22 /* ILUUID.m */,
				150F249012CD00AD00389F22 /* ILErrorHandling.h */,
				150F249112CD00AD00389F22 /* ILErrorHandling.m */,
				150F24E812CD065300389F22 /* ILSwizzling.h */,
				150F24E912CD065300389F22 /* ILSwizzling.m */,
			);
			name = Classes;
			sourceTree = "<group>";
		};
		1058C7B0FEA5585E11CA2CBB /* Linked Frameworks */ = {
			isa = PBXGroup;
			children = (
				1058C7B1FEA5585E11CA2CBB /* Cocoa.framework */,
			);
			name = "Linked Frameworks";
			sourceTree = "<group>";
		};
		1058C7B2FEA5585E11CA2CBB /* Other Frameworks */ = {
			isa = PBXGroup;
			children = (
				0867D6A5FE840307C02AAC07 /* AppKit.framework */,
				D2F7E8BE07B2D77200F64583 /* CoreData.framework */,
				0867D69BFE84028FC02AAC07 /* Foundation.framework */,
			);
			name = "Other Frameworks";
			sourceTree = "<group>";
		};
		32C88DFF0371C24200C91783 /* Other Sources */ = {
			isa = PBXGroup;
			children = (
				32DBCF5E0370ADEE00C91783 /* Basics_Prefix.pch */,
			);
			name = "Other Sources";
			sourceTree = "<group>";
		};
/* End PBXGroup section */

/* Begin PBXHeadersBuildPhase section */
		150F250112CD082300389F22 /* Headers */ = {
			isa = PBXHeadersBuildPhase;
			buildActionMask = 2147483647;
			files = (
				150F251A12CD08B400389F22 /* ILUUID.h in Headers */,
				150F251B12CD08B400389F22 /* ILErrorHandling.h in Headers */,
				150F251C12CD08B400389F22 /* ILSwizzling.h in Headers */,
				15F9E77512CFA858005A93FD /* ILSchema.h in Headers */,
			);
			runOnlyForDeploymentPostprocessing = 0;
		};
		D2AAC07A0554694100DB518D /* Headers */ = {
			isa = PBXHeadersBuildPhase;
			buildActionMask = 2147483647;
			files = (
				150F249212CD00AD00389F22 /* ILErrorHandling.h in Headers */,
				150F24D512CD04C300389F22 /* ILUUID.h in Headers */,
				150F24EA12CD065300389F22 /* ILSwizzling.h in Headers */,
				15F9E77312CFA858005A93FD /* ILSchema.h in Headers */,
			);
			runOnlyForDeploymentPostprocessing = 0;
		};
/* End PBXHeadersBuildPhase section */

/* Begin PBXNativeTarget section */
		150F250412CD082300389F22 /* Basics (iOS) */ = {
			isa = PBXNativeTarget;
			buildConfigurationList = 150F251F12CD08C300389F22 /* Build configuration list for PBXNativeTarget "Basics (iOS)" */;
			buildPhases = (
				150F250112CD082300389F22 /* Headers */,
				150F250212CD082300389F22 /* Sources */,
				150F250312CD082300389F22 /* Frameworks */,
			);
			buildRules = (
			);
			dependencies = (
			);
			name = "Basics (iOS)";
			productName = "Basics (iOS)";
			productReference = 150F250512CD082300389F22 /* libBasics-iOS.a */;
			productType = "com.apple.product-type.library.static";
		};
		D2AAC07D0554694100DB518D /* Basics (Mac) */ = {
			isa = PBXNativeTarget;
			buildConfigurationList = 1DEB921E08733DC00010E9CD /* Build configuration list for PBXNativeTarget "Basics (Mac)" */;
			buildPhases = (
				D2AAC07A0554694100DB518D /* Headers */,
				D2AAC07B0554694100DB518D /* Sources */,
				D2AAC07C0554694100DB518D /* Frameworks */,
			);
			buildRules = (
			);
			dependencies = (
			);
			name = "Basics (Mac)";
			productName = Basics;
			productReference = D2AAC07E0554694100DB518D /* libBasics-Mac.a */;
			productType = "com.apple.product-type.library.static";
		};
/* End PBXNativeTarget section */

/* Begin PBXProject section */
		0867D690FE84028FC02AAC07 /* Project object */ = {
			isa = PBXProject;
			buildConfigurationList = 1DEB922208733DC00010E9CD /* Build configuration list for PBXProject "Basics" */;
			compatibilityVersion = "Xcode 3.1";
			developmentRegion = English;
			hasScannedForEncodings = 1;
			knownRegions = (
				English,
				Japanese,
				French,
				German,
			);
			mainGroup = 0867D691FE84028FC02AAC07 /* Basics */;
			productRefGroup = 034768DFFF38A50411DB9C8B /* Products */;
			projectDirPath = "";
			projectRoot = "";
			targets = (
				D2AAC07D0554694100DB518D /* Basics (Mac) */,
				150F250412CD082300389F22 /* Basics (iOS) */,
			);
		};
/* End PBXProject section */

/* Begin PBXSourcesBuildPhase section */
		150F250212CD082300389F22 /* Sources */ = {
			isa = PBXSourcesBuildPhase;
			buildActionMask = 2147483647;
			files = (
				150F251712CD08A900389F22 /* ILUUID.m in Sources */,
				150F251812CD08A900389F22 /* ILErrorHandling.m in Sources */,
				150F251912CD08A900389F22 /* ILSwizzling.m in Sources */,
				15F9E77412CFA858005A93FD /* ILSchema.m in Sources */,
			);
			runOnlyForDeploymentPostprocessing = 0;
		};
		D2AAC07B0554694100DB518D /* Sources */ = {
			isa = PBXSourcesBuildPhase;
			buildActionMask = 2147483647;
			files = (
				150F249312CD00AD00389F22 /* ILErrorHandling.m in Sources */,
				150F24D412CD04C300389F22 /* ILUUID.m in Sources */,
				150F24EB12CD065300389F22 /* ILSwizzling.m in Sources */,
				15F9E77212CFA858005A93FD /* ILSchema.m in Sources */,
			);
			runOnlyForDeploymentPostprocessing = 0;
		};
/* End PBXSourcesBuildPhase section */

/* Begin XCBuildConfiguration section */
		150F250612CD082300389F22 /* Debug */ = {
			isa = XCBuildConfiguration;
			buildSettings = {
				ALWAYS_SEARCH_USER_PATHS = NO;
				ARCHS = "$(VALID_ARCHS)";
				COPY_PHASE_STRIP = NO;
				GCC_DYNAMIC_NO_PIC = NO;
				GCC_OPTIMIZATION_LEVEL = 0;
				ONLY_ACTIVE_ARCH = NO;
				PREBINDING = NO;
				PRODUCT_NAME = "Basics-iOS";
				SDKROOT = iphoneos;
			};
			name = Debug;
		};
		150F250712CD082300389F22 /* Release */ = {
			isa = XCBuildConfiguration;
			buildSettings = {
				ALWAYS_SEARCH_USER_PATHS = NO;
				ARCHS = "$(VALID_ARCHS)";
				COPY_PHASE_STRIP = YES;
				DEBUG_INFORMATION_FORMAT = "dwarf-with-dsym";
				GCC_ENABLE_FIX_AND_CONTINUE = NO;
				ONLY_ACTIVE_ARCH = NO;
				PREBINDING = NO;
				PRODUCT_NAME = "Basics-iOS";
				SDKROOT = iphoneos;
				ZERO_LINK = NO;
			};
			name = Release;
		};
		1DEB921F08733DC00010E9CD /* Debug */ = {
			isa = XCBuildConfiguration;
			buildSettings = {
				ALWAYS_SEARCH_USER_PATHS = NO;
				ARCHS = "$(ARCHS_STANDARD_32_64_BIT)";
				COPY_PHASE_STRIP = NO;
				GCC_DYNAMIC_NO_PIC = NO;
				GCC_ENABLE_FIX_AND_CONTINUE = YES;
				GCC_ENABLE_OBJC_GC = supported;
				GCC_MODEL_TUNING = G5;
				GCC_OPTIMIZATION_LEVEL = 0;
				GCC_PRECOMPILE_PREFIX_HEADER = YES;
				GCC_PREFIX_HEADER = Basics_Prefix.pch;
				INSTALL_PATH = /usr/local/lib;
				ONLY_ACTIVE_ARCH = YES;
				PRODUCT_NAME = "Basics-Mac";
				SDKROOT = macosx10.6;
			};
			name = Debug;
		};
		1DEB922008733DC00010E9CD /* Release */ = {
			isa = XCBuildConfiguration;
			buildSettings = {
				ALWAYS_SEARCH_USER_PATHS = NO;
				ARCHS = "$(ARCHS_STANDARD_32_BIT)";
				DEBUG_INFORMATION_FORMAT = "dwarf-with-dsym";
				GCC_ENABLE_OBJC_GC = supported;
				GCC_MODEL_TUNING = G5;
				GCC_PRECOMPILE_PREFIX_HEADER = YES;
				GCC_PREFIX_HEADER = Basics_Prefix.pch;
				INSTALL_PATH = /usr/local/lib;
				PRODUCT_NAME = "Basics-Mac";
				SDKROOT = macosx10.6;
			};
			name = Release;
		};
		1DEB922308733DC00010E9CD /* Debug */ = {
			isa = XCBuildConfiguration;
			buildSettings = {
				ARCHS = "$(ARCHS_STANDARD_32_64_BIT)";
				GCC_C_LANGUAGE_STANDARD = gnu99;
				GCC_OPTIMIZATION_LEVEL = 0;
				GCC_WARN_ABOUT_RETURN_TYPE = YES;
				GCC_WARN_UNUSED_VARIABLE = YES;
				ONLY_ACTIVE_ARCH = YES;
				PREBINDING = NO;
				SDKROOT = macosx10.6;
			};
			name = Debug;
		};
		1DEB922408733DC00010E9CD /* Release */ = {
			isa = XCBuildConfiguration;
			buildSettings = {
				ARCHS = "$(ARCHS_STANDARD_32_64_BIT)";
				GCC_C_LANGUAGE_STANDARD = gnu99;
				GCC_WARN_ABOUT_RETURN_TYPE = YES;
				GCC_WARN_UNUSED_VARIABLE = YES;
				PREBINDING = NO;
				SDKROOT = macosx10.6;
			};
			name = Release;
		};
/* End XCBuildConfiguration section */

/* Begin XCConfigurationList section */
		150F251F12CD08C300389F22 /* Build configuration list for PBXNativeTarget "Basics (iOS)" */ = {
			isa = XCConfigurationList;
			buildConfigurations = (
				150F250612CD082300389F22 /* Debug */,
				150F250712CD082300389F22 /* Release */,
			);
			defaultConfigurationIsVisible = 0;
			defaultConfigurationName = Release;
		};
		1DEB921E08733DC00010E9CD /* Build configuration list for PBXNativeTarget "Basics (Mac)" */ = {
			isa = XCConfigurationList;
			buildConfigurations = (
				1DEB921F08733DC00010E9CD /* Debug */,
				1DEB922008733DC00010E9CD /* Release */,
			);
			defaultConfigurationIsVisible = 0;
			defaultConfigurationName = Release;
		};
		1DEB922208733DC00010E9CD /* Build configuration list for PBXProject "Basics" */ = {
			isa = XCConfigurationList;
			buildConfigurations = (
				1DEB922308733DC00010E9CD /* Debug */,
				1DEB922408733DC00010E9CD /* Release */,
			);
			defaultConfigurationIsVisible = 0;
			defaultConfigurationName = Release;
		};
/* End XCConfigurationList section */
	};
	rootObject = 0867D690FE84028FC02AAC07 /* Project object */;
}
